
Microsoft Visual Studio Solution File, Format Version 12.00
# Visual Studio Version 17
VisualStudioVersion = 17.7.34024.191
MinimumVisualStudioVersion = 10.0.40219.1
Project("{FAE04EC0-301F-11D3-BF4B-00C04F79EFBC}") = "RegistrationForm", "RegistrationForm\RegistrationForm.csproj", "{52F7B670-2927-428E-8F52-598CBB6F5BA2}"
EndProject
Global
	GlobalSection(SolutionConfigurationPlatforms) = preSolution
		Debug|Any CPU = Debug|Any CPU
		Release|Any CPU = Release|Any CPU
	EndGlobalSection
	GlobalSection(ProjectConfigurationPlatforms) = postSolution
		{52F7B670-2927-428E-8F52-598CBB6F5BA2}.Debug|Any CPU.ActiveCfg = Debug|Any CPU
		{52F7B670-2927-428E-8F52-598CBB6F5BA2}.Debug|Any CPU.Build.0 = Debug|Any CPU
		{52F7B670-2927-428E-8F52-598CBB6F5BA2}.Release|Any CPU.ActiveCfg = Release|Any CPU
		{52F7B670-2927-428E-8F52-598CBB6F5BA2}.Release|Any CPU.Build.0 = Release|Any CPU
	EndGlobalSection
	GlobalSection(SolutionProperties) = preSolution
		HideSolutionNode = FALSE
	EndGlobalSection
	GlobalSection(ExtensibilityGlobals) = postSolution
		SolutionGuid = {65778D51-B54F-4B6C-9906-45EBAA7FA630}
	EndGlobalSection
EndGlobal
